
Microsoft Visual Studio Solution File, Format Version 12.00
# Visual Studio Version 17
VisualStudioVersion = 17.6.33815.320
MinimumVisualStudioVersion = 10.0.40219.1
Project("{FAE04EC0-301F-11D3-BF4B-00C04F79EFBC}") = "CourseAppEx", "CourseAppEx\CourseAppEx.csproj", "{2176BE2B-3918-4331-BA65-8AD67D3EE72F}"
EndProject
Global
	GlobalSection(SolutionConfigurationPlatforms) = preSolution
		Debug|Any CPU = Debug|Any CPU
		Release|Any CPU = Release|Any CPU
	EndGlobalSection
	GlobalSection(ProjectConfigurationPlatforms) = postSolution
		{2176BE2B-3918-4331-BA65-8AD67D3EE72F}.Debug|Any CPU.ActiveCfg = Debug|Any CPU
		{2176BE2B-3918-4331-BA65-8AD67D3EE72F}.Debug|Any CPU.Build.0 = Debug|Any CPU
		{2176BE2B-3918-4331-BA65-8AD67D3EE72F}.Release|Any CPU.ActiveCfg = Release|Any CPU
		{2176BE2B-3918-4331-BA65-8AD67D3EE72F}.Release|Any CPU.Build.0 = Release|Any CPU
	EndGlobalSection
	GlobalSection(SolutionProperties) = preSolution
		HideSolutionNode = FALSE
	EndGlobalSection
	GlobalSection(ExtensibilityGlobals) = postSolution
		SolutionGuid = {54E5C182-2167-4771-B6DE-80F4CC53EF71}
	EndGlobalSection
EndGlobal
